{
  "name": "angular-core",
  "version": "1.0.0",
  "lockfileVersion": 1,
  "requires": true,
  "dependencies": {
    "@angular/common": {
      "version": "8.2.14",
      "resolved": "https://registry.nextadv.it/@angular%2fcommon/-/common-8.2.14.tgz",
      "integrity": "sha512-Qmt+aX2quUW54kaNT7QH7WGXnFxr/cC2C6sf5SW5SdkZfDQSiz8IaItvieZfXVQUbBOQKFRJ7TlSkt0jI/yjvw==",
      "requires": {
        "tslib": "^1.9.0"
      }
    },
    "@angular/core": {
      "version": "8.2.14",
      "resolved": "https://registry.nextadv.it/@angular%2fcore/-/core-8.2.14.tgz",
      "integrity": "sha512-zeePkigi+hPh3rN7yoNENG/YUBUsIvUXdxx+AZq+QPaFeKEA2FBSrKn36ojHFrdJUjKzl0lPMEiGC2b6a6bo6g==",
      "requires": {
        "tslib": "^1.9.0"
      }
    },
    "@angular/forms": {
      "version": "8.2.14",
      "resolved": "https://registry.nextadv.it/@angular%2fforms/-/forms-8.2.14.tgz",
      "integrity": "sha512-zhyKL3CFIqcyHJ/TQF/h1OZztK611a6rxuPHCrt/5Sn1SuBTJJQ1pPTkOYIDy6IrCrtyANc8qB6P17Mao71DNQ==",
      "requires": {
        "tslib": "^1.9.0"
      }
    },
    "@angular/router": {
      "version": "8.2.14",
      "resolved": "https://registry.nextadv.it/@angular%2frouter/-/router-8.2.14.tgz",
      "integrity": "sha512-DHA2BhODqV7F0g6ZKgFaZgbsqzHHWRcfWchCOrOVKu2rYiKUTwwHVLBgZAhrpNeinq2pWanVYSIhMr7wy+LfEA==",
      "requires": {
        "tslib": "^1.9.0"
      }
    },
    "@ionic-native/device": {
      "version": "5.20.0",
      "resolved": "https://registry.nextadv.it/@ionic-native%2fdevice/-/device-5.20.0.tgz",
      "integrity": "sha512-vQd6/eWEGgLYIhNFhXyMVhC7vuDT92T+BfWgaSspiAyucLBgqSuRaitLoxsFIAQjF1MUdKH0dZYIFxtM+M7Xfg==",
      "requires": {
        "@types/cordova": "^0.0.34"
      }
    },
    "@ionic-native/facebook": {
      "version": "5.20.0",
      "resolved": "https://registry.nextadv.it/@ionic-native%2ffacebook/-/facebook-5.20.0.tgz",
      "integrity": "sha512-gldCPUu4tihJvhJFgwtN0V6q0SUIn5lo772p+TIRdJ4zfp7BMWlT4kX9LriccLGSYnL+BgnKvG6IC1gl8CJOeQ==",
      "requires": {
        "@types/cordova": "^0.0.34"
      }
    },
    "@ionic-native/in-app-browser": {
      "version": "5.20.0",
      "resolved": "https://registry.nextadv.it/@ionic-native%2fin-app-browser/-/in-app-browser-5.20.0.tgz",
      "integrity": "sha512-s0tdZ+VIXObbX0zhdPjWuAytyrBF1uW5DAuNXm4NGiLkhf0sDNzUavnr7g04HrbaWgkODv00y5zdmmSZPuNZfg==",
      "requires": {
        "@types/cordova": "^0.0.34"
      }
    },
    "@ionic/angular": {
      "version": "4.11.10",
      "resolved": "https://registry.nextadv.it/@ionic%2fangular/-/angular-4.11.10.tgz",
      "integrity": "sha512-wdi4LJLUEfGK7jxYLNH+8Q2nMPBFCGaheRmQV4hQLQDx3RjVMFJKCsqAmgXXkLtUJfSDBY68r/dvWeYO645HaQ==",
      "requires": {
        "@ionic/core": "4.11.10",
        "tslib": "^1.9.3"
      }
    },
    "@ionic/core": {
      "version": "4.11.10",
      "resolved": "https://registry.nextadv.it/@ionic%2fcore/-/core-4.11.10.tgz",
      "integrity": "sha512-PeonKl5E+VOTBeKDr83y0N/1wbfkZ5jV3PSJTsVPE3Q15LxGEO0GzBvVMgkmkssuqOI3WJPXxYWZVL8ejzSFOQ==",
      "requires": {
        "ionicons": "^4.6.3",
        "tslib": "^1.10.0"
      }
    },
    "@ionic/storage": {
      "version": "2.2.0",
      "resolved": "https://registry.nextadv.it/@ionic%2fstorage/-/storage-2.2.0.tgz",
      "integrity": "sha512-2pszrzmI+fAar2Rx0WmJDVpc15D1k5tvLkB49NLYWJ2pOMaO/3/vp7mg/mEbg3rdsPE9FRbYI6vdKjQ2pP1EWA==",
      "requires": {
        "localforage": "1.7.1",
        "localforage-cordovasqlitedriver": "1.7.0",
        "tslib": "^1.7.1"
      }
    },
    "@ngx-translate/core": {
      "version": "11.0.1",
      "resolved": "https://registry.nextadv.it/@ngx-translate%2fcore/-/core-11.0.1.tgz",
      "integrity": "sha512-nBCa1ZD9fAUY/3eskP3Lql2fNg8OMrYIej1/5GRsfcutx9tG/5fZLCv9m6UCw1aS+u4uK/vXjv1ctG/FdMvaWg==",
      "requires": {
        "tslib": "^1.9.0"
      }
    },
    "@types/cordova": {
      "version": "0.0.34",
      "resolved": "https://registry.nextadv.it/@types%2fcordova/-/cordova-0.0.34.tgz",
      "integrity": "sha1-6nrd907Ow9dimCegw54smt3HPQQ="
    },
    "immediate": {
      "version": "3.0.6",
      "resolved": "https://registry.nextadv.it/immediate/-/immediate-3.0.6.tgz",
      "integrity": "sha1-nbHb0Pr43m++D13V5Wu2BigN5ps="
    },
    "ionicons": {
      "version": "4.6.3",
      "resolved": "https://registry.nextadv.it/ionicons/-/ionicons-4.6.3.tgz",
      "integrity": "sha512-cgP+VIr2cTJpMfFyVHTerq6n2jeoiGboVoe3GlaAo5zoSBDAEXORwUZhv6m+lCyxlsHCS3nqPUE+MKyZU71t8Q=="
    },
    "lie": {
      "version": "3.1.1",
      "resolved": "https://registry.nextadv.it/lie/-/lie-3.1.1.tgz",
      "integrity": "sha1-mkNrLMd0bKWd56QfpGmz77dr2H4=",
      "requires": {
        "immediate": "~3.0.5"
      }
    },
    "localforage": {
      "version": "1.7.1",
      "resolved": "https://registry.nextadv.it/localforage/-/localforage-1.7.1.tgz",
      "integrity": "sha1-5JJ+BCMCuGTbMPMhHxO1xvDell0=",
      "requires": {
        "lie": "3.1.1"
      }
    },
    "localforage-cordovasqlitedriver": {
      "version": "1.7.0",
      "resolved": "https://registry.nextadv.it/localforage-cordovasqlitedriver/-/localforage-cordovasqlitedriver-1.7.0.tgz",
      "integrity": "sha1-i5OVd1nuaI06WNW6fAR39sy1ODg=",
      "requires": {
        "localforage": ">=1.5.0"
      }
    },
    "rxjs": {
      "version": "6.5.4",
      "resolved": "https://registry.nextadv.it/rxjs/-/rxjs-6.5.4.tgz",
      "integrity": "sha512-naMQXcgEo3csAEGvw/NydRA0fuS2nDZJiw1YUWFKU7aPPAPGZEsD4Iimit96qwCieH6y614MCLYwdkrWx7z/7Q==",
      "requires": {
        "tslib": "^1.9.0"
      }
    },
    "tslib": {
      "version": "1.10.0",
      "resolved": "https://registry.nextadv.it/tslib/-/tslib-1.10.0.tgz",
      "integrity": "sha512-qOebF53frne81cf0S9B41ByenJ3/IuH8yJKngAX35CmiZySA0khhkovshKK+jGCaMnVomla7gVlIcc3EvKPbTQ=="
    }
  }
}
